{
  "projects": [
    {
      "projectId": "enk3K4vZ6pmH6kVCoZJXGn",
      "version": "4.23.0",
      "dependencies": {},
      "lang": "js",
      "fileLocks": [
        {
          "assetId": "enk3K4vZ6pmH6kVCoZJXGn",
          "type": "projectCss",
          "checksum": "46129a8140f7bf604dec903e19777f53"
        }
      ],
      "codegenVersion": "0.0.1"
    },
    {
      "projectId": "caTPwKxj5ZrD9LQ7DMdK4Z",
      "version": "3.36.0",
      "dependencies": {},
      "lang": "js",
      "fileLocks": [
        {
          "assetId": "caTPwKxj5ZrD9LQ7DMdK4Z",
          "type": "projectCss",
          "checksum": "e1ec850476829c38b0f9b6d4f7ac446a"
        }
      ],
      "codegenVersion": "0.0.1"
    },
    {
      "projectId": "xkqaNLcMhHwTMM8HJRJXkB",
      "version": "latest",
      "dependencies": {
        "caTPwKxj5ZrD9LQ7DMdK4Z": "3.36.0",
        "enk3K4vZ6pmH6kVCoZJXGn": "4.23.0"
      },
      "lang": "js",
      "fileLocks": [
        {
          "type": "globalVariant",
          "assetId": "HVqIIH_IPHex",
          "checksum": "67b2c7768c372f5a29c660fb83f93107"
        },
        {
          "assetId": "xkqaNLcMhHwTMM8HJRJXkB",
          "type": "projectCss",
          "checksum": "f960312fbf9692dc8f76426e7030b0a2"
        },
        {
          "type": "renderModule",
          "assetId": "Dk0woNvufsoA",
          "checksum": "b1998f71b7caf649f99280f4cbed36e1"
        },
        {
          "type": "cssRules",
          "assetId": "Dk0woNvufsoA",
          "checksum": "b1998f71b7caf649f99280f4cbed36e1"
        },
        {
          "type": "renderModule",
          "assetId": "OfCINEhuF3JH",
          "checksum": "9eb46740b5fe49ce76bb7e6830d60214"
        },
        {
          "type": "cssRules",
          "assetId": "OfCINEhuF3JH",
          "checksum": "9eb46740b5fe49ce76bb7e6830d60214"
        },
        {
          "type": "renderModule",
          "assetId": "ceesG9FOnQw4",
          "checksum": "50efe3bdbc4ce2b890d945247a12b00d"
        },
        {
          "type": "cssRules",
          "assetId": "ceesG9FOnQw4",
          "checksum": "50efe3bdbc4ce2b890d945247a12b00d"
        },
        {
          "type": "icon",
          "assetId": "CqA929yzSMCG",
          "checksum": "eb6218dd859584ab819d2e09118d16d3"
        },
        {
          "type": "icon",
          "assetId": "29ffTJUiBEEd",
          "checksum": "9945cc63b4745a0d5bc3a8f6edfbbfe4"
        },
        {
          "type": "icon",
          "assetId": "UI28ryI3XGEc",
          "checksum": "c2cd3ee320d19baf72e16fa12dc2044e"
        },
        {
          "type": "icon",
          "assetId": "2DyHSnYY7tNr",
          "checksum": "79d814820dd55e7b71b3f0915b12466f"
        },
        {
          "type": "icon",
          "assetId": "IVI85xj0rumo",
          "checksum": "615dd75dc03d82d718bad0ff907d98d9"
        },
        {
          "type": "icon",
          "assetId": "pzQIzXQ_eiLB",
          "checksum": "22f50b5b47d8f7114bf50cd96bf4a4a9"
        },
        {
          "type": "image",
          "assetId": "N6jW4hVgiyAy",
          "checksum": "3cc01a1fa8d0ab348aaf0d46cc59bc0c"
        },
        {
          "type": "image",
          "assetId": "fhacEEOVOCt4",
          "checksum": "d856658f13b1f4c4c19d728eaafd5592"
        },
        {
          "type": "image",
          "assetId": "_7NVClVi6nBh",
          "checksum": "45825765f5b219e25f10f5773e5a20c3"
        },
        {
          "type": "image",
          "assetId": "9vEryBB4DlPG",
          "checksum": "911c6acd0804943aa4cf685291499891"
        },
        {
          "type": "image",
          "assetId": "hS9G5UelV5zm",
          "checksum": "7d78e300fdf6891446504ef30ca14fdd"
        },
        {
          "type": "image",
          "assetId": "1VviTdyjCGM_",
          "checksum": "23e9be1df5fb5cfd137287df09872061"
        },
        {
          "type": "image",
          "assetId": "jo8qWTiBMPTy",
          "checksum": "d6b787b349766074c0c90e01945cece7"
        },
        {
          "type": "image",
          "assetId": "wcaLUkbFz41d",
          "checksum": "1f92644f170d5ceeaaf6e2f271d74f58"
        },
        {
          "type": "image",
          "assetId": "GeAIu8386sPI",
          "checksum": "d9a0a9e03e04de59f72b6943b3fd7b97"
        },
        {
          "type": "image",
          "assetId": "_5sEN5pnxu-5",
          "checksum": "13396dfcabbda023cc9aaf3cde22bf45"
        },
        {
          "type": "image",
          "assetId": "zYN39ikE-Y1R",
          "checksum": "50058578d03819ec61df0eea77b7b133"
        },
        {
          "type": "image",
          "assetId": "A08DPXsHVFzJ",
          "checksum": "4d5a2b2d1b4e4d0fa27e825d86b0bb11"
        },
        {
          "type": "image",
          "assetId": "VwwdwDayzWiM",
          "checksum": "722487db234126aa7c78a1b05b000471"
        },
        {
          "type": "image",
          "assetId": "szX5b42h4NAa",
          "checksum": "af630fc95d88deb350e89fd8a2bedd98"
        },
        {
          "type": "image",
          "assetId": "nApywmWRIY5L",
          "checksum": "495bddf6bd62a2d89b3003d48e4ec9af"
        },
        {
          "type": "image",
          "assetId": "dgKURwD1uMXE",
          "checksum": "d071468d4db1c419d98e0bf2378e1e0e"
        },
        {
          "type": "image",
          "assetId": "p6tFR7jURE_b",
          "checksum": "dbfaa407eadc91da5781c46ca6ab3236"
        },
        {
          "type": "image",
          "assetId": "szMpgKjprnI0",
          "checksum": "8c685ebd705be7a8f82194a25c5360d2"
        },
        {
          "type": "image",
          "assetId": "JZllBCho3N7x",
          "checksum": "f64ed3e921a7af320aa63c1f8ebced42"
        },
        {
          "type": "image",
          "assetId": "NnyI3ZEf-BEp",
          "checksum": "dfd8a636a0d1ef9f282fa42188ad2f69"
        },
        {
          "type": "image",
          "assetId": "sx1pVcrDQdhe",
          "checksum": "dc684734d00bfbaf8557c7e705eab851"
        },
        {
          "type": "image",
          "assetId": "QlKOod_zVNeT",
          "checksum": "f7647b88fac9c20dfb769e5e65f8688f"
        },
        {
          "type": "image",
          "assetId": "QPCZXIx2x8ih",
          "checksum": "810bd9551a36959fbfcb5e7d7a0a3bd8"
        },
        {
          "type": "image",
          "assetId": "nJLHuYYG4HP2",
          "checksum": "3489e6a0904eb4e487d650d0a5b40d03"
        }
      ],
      "codegenVersion": "0.0.1"
    }
  ],
  "cliVersion": "0.1.331"
}
